
Microsoft Visual Studio Solution File, Format Version 12.00
# Visual Studio 15
VisualStudioVersion = 15.0.27130.2010
MinimumVisualStudioVersion = 10.0.40219.1
Project("{FAE04EC0-301F-11D3-BF4B-00C04F79EFBC}") = "WindowsFormsApp3", "WindowsFormsApp3\WindowsFormsApp3.csproj", "{EF0C83C6-95D0-4E41-9AA5-EC89ECAE649A}"
EndProject
Global
	GlobalSection(SolutionConfigurationPlatforms) = preSolution
		Debug|Any CPU = Debug|Any CPU
		Release|Any CPU = Release|Any CPU
	EndGlobalSection
	GlobalSection(ProjectConfigurationPlatforms) = postSolution
		{EF0C83C6-95D0-4E41-9AA5-EC89ECAE649A}.Debug|Any CPU.ActiveCfg = Debug|Any CPU
		{EF0C83C6-95D0-4E41-9AA5-EC89ECAE649A}.Debug|Any CPU.Build.0 = Debug|Any CPU
		{EF0C83C6-95D0-4E41-9AA5-EC89ECAE649A}.Release|Any CPU.ActiveCfg = Release|Any CPU
		{EF0C83C6-95D0-4E41-9AA5-EC89ECAE649A}.Release|Any CPU.Build.0 = Release|Any CPU
	EndGlobalSection
	GlobalSection(SolutionProperties) = preSolution
		HideSolutionNode = FALSE
	EndGlobalSection
	GlobalSection(ExtensibilityGlobals) = postSolution
		SolutionGuid = {894BD599-B0B9-4411-A003-BD058FE9299A}
	EndGlobalSection
EndGlobal
